dependencies:
- name: velero
  repository: https://vmware-tanzu.github.io/helm-charts
  version: 12.2.0
- name: gcp-workload-identity
  repository: https://edixos.github.io/ekp-helm
  version: 0.1.1
- name: gcp-iam-policy-members
  repository: https://edixos.github.io/ekp-helm
  version: 0.1.2
- name: gcp-iam-custom-role
  repository: https://edixos.github.io/ekp-helm
  version: 0.1.0
- name: gcp-bucket
  repository: https://edixos.github.io/ekp-helm
  version: 0.1.0
digest: sha256:bc5e7167411e647f640b47a09e549528ad11cabff80d2b4319fd0eb2c4d01c2a
generated: "2026-09-16T14:46:30.345876511Z"
