dependencies:
- name: velero
  repository: https://vmware-tanzu.github.io/helm-charts
  version: 10.0.11
- name: gcp-workload-identity
  repository: https://edixos.github.io/ekp-helm
  version: 0.1.1
- name: gcp-iam-policy-members
  repository: https://edixos.github.io/ekp-helm
  version: 0.1.2
- name: gcp-iam-custom-role
  repository: https://edixos.github.io/ekp-helm
  version: 0.1.0
- name: gcp-bucket
  repository: https://edixos.github.io/ekp-helm
  version: 0.1.0
digest: sha256:58745cb04e48f3011246f0b51f1c8b9ec40a78a180e6f11c2203e2b070264eab
generated: "2025-08-06T10:27:33.383690721Z"
