dependencies:
- name: velero
  repository: https://vmware-tanzu.github.io/helm-charts
  version: 8.5.0
- name: workload-identity
  repository: https://edixos.github.io/ekp-helm
  version: 0.1.0
- name: gcp-iam-policy-memebers
  repository: https://edixos.github.io/ekp-helm
  version: 0.1.0
- name: gcp-iam-custom-role
  repository: https://edixos.github.io/ekp-helm
  version: 0.1.0
- name: gcp-bucket
  repository: https://edixos.github.io/ekp-helm
  version: 0.1.0
digest: sha256:ea3814af957144208c75b6fe32e2fc989cc55864888f5d183259af3a8e04e242
generated: "2025-03-28T17:32:18.220735698+01:00"
