dependencies:
- name: dex
  repository: https://charts.dexidp.io
  version: 0.24.0
- name: gcp-workload-identity
  repository: https://edixos.github.io/ekp-helm
  version: 0.1.1
- name: gcp-iam-policy-members
  repository: https://edixos.github.io/ekp-helm
  version: 0.1.2
digest: sha256:ee18d7f42c735677da0e9aba79f1050aa71aad98c79a067c20f2029ee077c5a8
generated: "2026-01-07T10:29:36.041982249Z"
