dependencies:
- name: external-dns
  repository: https://kubernetes-sigs.github.io/external-dns/
  version: 1.16.1
- name: gcp-workload-identity
  repository: https://edixos.github.io/ekp-helm
  version: 0.1.1
- name: gcp-iam-policy-members
  repository: https://edixos.github.io/ekp-helm
  version: 0.1.2
digest: sha256:983fa487a4fbdb1615c611aaceec07323324b113cc023f529f43e250f03ab1d5
generated: "2025-05-05T13:12:32.824502415Z"
