dependencies:
- name: external-dns
  repository: https://kubernetes-sigs.github.io/external-dns/
  version: 1.21.1
- name: gcp-workload-identity
  repository: https://edixos.github.io/ekp-helm
  version: 0.1.1
- name: gcp-iam-policy-members
  repository: https://edixos.github.io/ekp-helm
  version: 0.1.2
digest: sha256:4ad4d4decd59d44eac9cdc745918d0539f0cdabe7d462f1b1dee0e3a2785e0c5
generated: "2026-05-27T11:20:01.444680692Z"
