dependencies:
- name: gcp-subnetwork
  repository: https://edixos.github.io/ekp-helm
  version: 0.1.5
- name: gcp-vpc-network
  repository: https://edixos.github.io/ekp-helm
  version: 0.1.3
- name: gcp-bigquery-dataset
  repository: https://edixos.github.io/ekp-helm
  version: 0.1.0
- name: gcp-cloud-nat
  repository: https://edixos.github.io/ekp-helm
  version: 0.1.0
digest: sha256:8b99e11f00e1c92d0b667944900c507502dcf4c78787d243b31ddae6b6de0e8c
generated: "2025-03-17T17:11:41.904859+01:00"
