dependencies:
- name: cert-manager
  repository: https://charts.jetstack.io
  version: v1.18.2
- name: gcp-workload-identity
  repository: https://edixos.github.io/ekp-helm
  version: 0.1.1
- name: gcp-iam-policy-members
  repository: https://edixos.github.io/ekp-helm
  version: 0.1.2
digest: sha256:5b9e199c6d408c50b7c9c75a3190622da366f47070192f6bade462ea79400e8a
generated: "2025-09-10T10:21:54.299400318Z"
