dependencies:
- name: cert-manager
  repository: https://charts.jetstack.io
  version: v1.21.0
- name: gcp-workload-identity
  repository: https://edixos.github.io/ekp-helm
  version: 0.1.1
- name: gcp-iam-policy-members
  repository: https://edixos.github.io/ekp-helm
  version: 0.1.2
digest: sha256:21c75bc1ce5699f45396c802c983cd9bda303c6ad14dcc0543df536e9c6d01b2
generated: "2026-07-29T12:02:54.73199402Z"
